
Microsoft Visual Studio Solution File, Format Version 12.00
# Visual Studio Version 16
VisualStudioVersion = 16.0.30621.155
MinimumVisualStudioVersion = 10.0.40219.1
Project("{FAE04EC0-301F-11D3-BF4B-00C04F79EFBC}") = "Project 2", "Project 2\Project 2.csproj", "{D8787448-9D39-48C4-BC29-0D3D1656745A}"
EndProject
Global
	GlobalSection(SolutionConfigurationPlatforms) = preSolution
		Debug|Any CPU = Debug|Any CPU
		Release|Any CPU = Release|Any CPU
	EndGlobalSection
	GlobalSection(ProjectConfigurationPlatforms) = postSolution
		{D8787448-9D39-48C4-BC29-0D3D1656745A}.Debug|Any CPU.ActiveCfg = Debug|Any CPU
		{D8787448-9D39-48C4-BC29-0D3D1656745A}.Debug|Any CPU.Build.0 = Debug|Any CPU
		{D8787448-9D39-48C4-BC29-0D3D1656745A}.Release|Any CPU.ActiveCfg = Release|Any CPU
		{D8787448-9D39-48C4-BC29-0D3D1656745A}.Release|Any CPU.Build.0 = Release|Any CPU
	EndGlobalSection
	GlobalSection(SolutionProperties) = preSolution
		HideSolutionNode = FALSE
	EndGlobalSection
	GlobalSection(ExtensibilityGlobals) = postSolution
		SolutionGuid = {BFF854FA-652D-496F-A4FC-9B28D4F0DFD2}
	EndGlobalSection
EndGlobal
